{
  "nodes": {
    "home-manager": {
      "inputs": {
        "nixpkgs": [
          "nixpkgs"
        ]
      },
      "locked": {
        "lastModified": 1791163078,
        "narHash": "sha256-DiuwfdoZtEqVRsWuAhXcHa+cfvkr0t/xWW8ugkcxNyI=",
        "ref": "master",
        "rev": "f53f3267f5d009dd8f99443505e609389d7ff267",
        "shallow": true,
        "type": "git",
        "url": "https://github.com/nix-community/home-manager.git"
      },
      "original": {
        "ref": "master",
        "shallow": true,
        "type": "git",
        "url": "https://github.com/nix-community/home-manager.git"
      }
    },
    "nix-darwin": {
      "inputs": {
        "nixpkgs": [
          "nixpkgs"
        ]
      },
      "locked": {
        "lastModified": 1786845137,
        "narHash": "sha256-oQFip+v0luP8NIxJzmiW4Wu8bILsbFWom5l0zonl8hQ=",
        "ref": "master",
        "rev": "4cff07de74b50e64bdd68cd4e722ab5b6b35ee48",
        "shallow": true,
        "type": "git",
        "url": "https://github.com/nix-darwin/nix-darwin.git"
      },
      "original": {
        "ref": "master",
        "shallow": true,
        "type": "git",
        "url": "https://github.com/nix-darwin/nix-darwin.git"
      }
    },
    "nixpkgs": {
      "locked": {
        "lastModified": 1791097562,
        "narHash": "sha256-K9O9lG3UZNFCnwrz0ViWgP3Kgqukg1DvvzsrkFJfcvU=",
        "owner": "NixOS",
        "repo": "nixpkgs",
        "rev": "a322c65bf7233456788a9ebf03bc067db7dc090a",
        "type": "github"
      },
      "original": {
        "owner": "NixOS",
        "ref": "nixpkgs-unstable",
        "repo": "nixpkgs",
        "type": "github"
      }
    },
    "root": {
      "inputs": {
        "home-manager": "home-manager",
        "nix-darwin": "nix-darwin",
        "nixpkgs": "nixpkgs"
      }
    }
  },
  "root": "root",
  "version": 7
}
